
Microsoft Visual Studio Solution File, Format Version 12.00
# Visual Studio Version 16
VisualStudioVersion = 16.0.31424.327
MinimumVisualStudioVersion = 10.0.40219.1
Project("{FAE04EC0-301F-11D3-BF4B-00C04F79EFBC}") = "OpticianAssistentUI", "OpticianAssistentUI\OpticianAssistentUI.csproj", "{575C61D0-0208-4828-A376-3A8F794EBAA8}"
EndProject
Project("{9A19103F-16F7-4668-BE54-9A1E7A4F7556}") = "SpherometrCalcLib", "SpherometrCalcLib\SpherometrCalcLib.csproj", "{3B6BD08F-2095-4DB7-975F-B5FD3F545B7F}"
EndProject
Project("{9A19103F-16F7-4668-BE54-9A1E7A4F7556}") = "OptoTechnologiesMapsLib", "OptoTechnologiesMaps\OptoTechnologiesMapsLib.csproj", "{343DE318-5D1D-4C77-B79D-BCC584B63F01}"
EndProject
Project("{9A19103F-16F7-4668-BE54-9A1E7A4F7556}") = "DesignJournalLib", "DesignJournalLib\DesignJournalLib.csproj", "{D8FC7D0C-633C-41B1-AA6C-F60CB4B7FF02}"
EndProject
Project("{FAE04EC0-301F-11D3-BF4B-00C04F79EFBC}") = "ConsoleAppTestLibs", "ConsoleAppTestLibs\ConsoleAppTestLibs.csproj", "{A2B97981-8A9B-497C-8861-8D1C7690A99B}"
EndProject
Global
	GlobalSection(SolutionConfigurationPlatforms) = preSolution
		Debug|Any CPU = Debug|Any CPU
		Release|Any CPU = Release|Any CPU
	EndGlobalSection
	GlobalSection(ProjectConfigurationPlatforms) = postSolution
		{575C61D0-0208-4828-A376-3A8F794EBAA8}.Debug|Any CPU.ActiveCfg = Debug|Any CPU
		{575C61D0-0208-4828-A376-3A8F794EBAA8}.Debug|Any CPU.Build.0 = Debug|Any CPU
		{575C61D0-0208-4828-A376-3A8F794EBAA8}.Release|Any CPU.ActiveCfg = Release|Any CPU
		{575C61D0-0208-4828-A376-3A8F794EBAA8}.Release|Any CPU.Build.0 = Release|Any CPU
		{3B6BD08F-2095-4DB7-975F-B5FD3F545B7F}.Debug|Any CPU.ActiveCfg = Debug|Any CPU
		{3B6BD08F-2095-4DB7-975F-B5FD3F545B7F}.Debug|Any CPU.Build.0 = Debug|Any CPU
		{3B6BD08F-2095-4DB7-975F-B5FD3F545B7F}.Release|Any CPU.ActiveCfg = Release|Any CPU
		{3B6BD08F-2095-4DB7-975F-B5FD3F545B7F}.Release|Any CPU.Build.0 = Release|Any CPU
		{343DE318-5D1D-4C77-B79D-BCC584B63F01}.Debug|Any CPU.ActiveCfg = Debug|Any CPU
		{343DE318-5D1D-4C77-B79D-BCC584B63F01}.Debug|Any CPU.Build.0 = Debug|Any CPU
		{343DE318-5D1D-4C77-B79D-BCC584B63F01}.Release|Any CPU.ActiveCfg = Release|Any CPU
		{343DE318-5D1D-4C77-B79D-BCC584B63F01}.Release|Any CPU.Build.0 = Release|Any CPU
		{D8FC7D0C-633C-41B1-AA6C-F60CB4B7FF02}.Debug|Any CPU.ActiveCfg = Debug|Any CPU
		{D8FC7D0C-633C-41B1-AA6C-F60CB4B7FF02}.Debug|Any CPU.Build.0 = Debug|Any CPU
		{D8FC7D0C-633C-41B1-AA6C-F60CB4B7FF02}.Release|Any CPU.ActiveCfg = Release|Any CPU
		{D8FC7D0C-633C-41B1-AA6C-F60CB4B7FF02}.Release|Any CPU.Build.0 = Release|Any CPU
		{A2B97981-8A9B-497C-8861-8D1C7690A99B}.Debug|Any CPU.ActiveCfg = Debug|Any CPU
		{A2B97981-8A9B-497C-8861-8D1C7690A99B}.Debug|Any CPU.Build.0 = Debug|Any CPU
		{A2B97981-8A9B-497C-8861-8D1C7690A99B}.Release|Any CPU.ActiveCfg = Release|Any CPU
		{A2B97981-8A9B-497C-8861-8D1C7690A99B}.Release|Any CPU.Build.0 = Release|Any CPU
	EndGlobalSection
	GlobalSection(SolutionProperties) = preSolution
		HideSolutionNode = FALSE
	EndGlobalSection
	GlobalSection(ExtensibilityGlobals) = postSolution
		SolutionGuid = {B1B21FF2-13AB-496F-88F7-602904C6692D}
	EndGlobalSection
EndGlobal
