
Microsoft Visual Studio Solution File, Format Version 12.00
# Visual Studio Version 16
VisualStudioVersion = 16.0.31424.327
MinimumVisualStudioVersion = 10.0.40219.1
Project("{FAE04EC0-301F-11D3-BF4B-00C04F79EFBC}") = "OpticianAssistentUI", "OpticianAssistentUI\OpticianAssistentUI.csproj", "{575C61D0-0208-4828-A376-3A8F794EBAA8}"
EndProject
Project("{FAE04EC0-301F-11D3-BF4B-00C04F79EFBC}") = "DesignTaskJournalLib", "DesignTaskJournalLib\DesignTaskJournalLib.csproj", "{FF34D879-5E25-4745-87B3-1DB847F556E9}"
EndProject
Project("{FAE04EC0-301F-11D3-BF4B-00C04F79EFBC}") = "DesignJournalTestApp", "DesignJournalTestApp\DesignJournalTestApp.csproj", "{39D0BAB2-F4F9-4955-A653-6973B888C281}"
EndProject
Project("{9A19103F-16F7-4668-BE54-9A1E7A4F7556}") = "SpherometrCalcLib", "SpherometrCalcLib\SpherometrCalcLib.csproj", "{521FF697-120C-4A0B-9E69-72D492CC7DC6}"
EndProject
Global
	GlobalSection(SolutionConfigurationPlatforms) = preSolution
		Debug|Any CPU = Debug|Any CPU
		Release|Any CPU = Release|Any CPU
	EndGlobalSection
	GlobalSection(ProjectConfigurationPlatforms) = postSolution
		{575C61D0-0208-4828-A376-3A8F794EBAA8}.Debug|Any CPU.ActiveCfg = Debug|Any CPU
		{575C61D0-0208-4828-A376-3A8F794EBAA8}.Debug|Any CPU.Build.0 = Debug|Any CPU
		{575C61D0-0208-4828-A376-3A8F794EBAA8}.Release|Any CPU.ActiveCfg = Release|Any CPU
		{575C61D0-0208-4828-A376-3A8F794EBAA8}.Release|Any CPU.Build.0 = Release|Any CPU
		{FF34D879-5E25-4745-87B3-1DB847F556E9}.Debug|Any CPU.ActiveCfg = Debug|Any CPU
		{FF34D879-5E25-4745-87B3-1DB847F556E9}.Debug|Any CPU.Build.0 = Debug|Any CPU
		{FF34D879-5E25-4745-87B3-1DB847F556E9}.Release|Any CPU.ActiveCfg = Release|Any CPU
		{FF34D879-5E25-4745-87B3-1DB847F556E9}.Release|Any CPU.Build.0 = Release|Any CPU
		{39D0BAB2-F4F9-4955-A653-6973B888C281}.Debug|Any CPU.ActiveCfg = Debug|Any CPU
		{39D0BAB2-F4F9-4955-A653-6973B888C281}.Debug|Any CPU.Build.0 = Debug|Any CPU
		{39D0BAB2-F4F9-4955-A653-6973B888C281}.Release|Any CPU.ActiveCfg = Release|Any CPU
		{39D0BAB2-F4F9-4955-A653-6973B888C281}.Release|Any CPU.Build.0 = Release|Any CPU
		{521FF697-120C-4A0B-9E69-72D492CC7DC6}.Debug|Any CPU.ActiveCfg = Debug|Any CPU
		{521FF697-120C-4A0B-9E69-72D492CC7DC6}.Debug|Any CPU.Build.0 = Debug|Any CPU
		{521FF697-120C-4A0B-9E69-72D492CC7DC6}.Release|Any CPU.ActiveCfg = Release|Any CPU
		{521FF697-120C-4A0B-9E69-72D492CC7DC6}.Release|Any CPU.Build.0 = Release|Any CPU
	EndGlobalSection
	GlobalSection(SolutionProperties) = preSolution
		HideSolutionNode = FALSE
	EndGlobalSection
	GlobalSection(ExtensibilityGlobals) = postSolution
		SolutionGuid = {B1B21FF2-13AB-496F-88F7-602904C6692D}
	EndGlobalSection
EndGlobal
